// !$*UTF8*$!
{
	archiveVersion = 1;
	classes = {
	};
	objectVersion = 46;
	objects = {

/* Begin PBXBuildFile section */
		0806BD321F0B8598002E0521 /* NewDeviceCell.swift in Sources */ = {isa = PBXBuildFile; fileRef = 0806BD311F0B8598002E0521 /* NewDeviceCell.swift */; };
		96923DC11F0516BF002BD78E /* AppDelegate.swift in Sources */ = {isa = PBXBuildFile; fileRef = 96923DC01F0516BF002BD78E /* AppDelegate.swift */; };
		96923DC31F0516BF002BD78E /* MainVC.swift in Sources */ = {isa = PBXBuildFile; fileRef = 96923DC21F0516BF002BD78E /* MainVC.swift */; };
		96923DC61F0516BF002BD78E /* Main.storyboard in Resources */ = {isa = PBXBuildFile; fileRef = 96923DC41F0516BF002BD78E /* Main.storyboard */; };
		96923DCB1F0516BF002BD78E /* Assets.xcassets in Resources */ = {isa = PBXBuildFile; fileRef = 96923DCA1F0516BF002BD78E /* Assets.xcassets */; };
		96923DCE1F0516BF002BD78E /* LaunchScreen.storyboard in Resources */ = {isa = PBXBuildFile; fileRef = 96923DCC1F0516BF002BD78E /* LaunchScreen.storyboard */; };
		96923DEE1F05260C002BD78E /* DatabaseManager.swift in Sources */ = {isa = PBXBuildFile; fileRef = 96923DE81F05260C002BD78E /* DatabaseManager.swift */; };
		96923DF11F05260C002BD78E /* SWFT.xcdatamodeld in Sources */ = {isa = PBXBuildFile; fileRef = 96923DEC1F05260C002BD78E /* SWFT.xcdatamodeld */; };
		96F256E11F05326A00A7B7B4 /* BluetoothManager.swift in Sources */ = {isa = PBXBuildFile; fileRef = 96F256E01F05326A00A7B7B4 /* BluetoothManager.swift */; };
/* End PBXBuildFile section */

/* Begin PBXFileReference section */
		0806BD311F0B8598002E0521 /* NewDeviceCell.swift */ = {isa = PBXFileReference; fileEncoding = 4; lastKnownFileType = sourcecode.swift; path = NewDeviceCell.swift; sourceTree = "<group>"; };
		96923DBD1F0516BE002BD78E /* SWFT.app */ = {isa = PBXFileReference; explicitFileType = wrapper.application; includeInIndex = 0; path = SWFT.app; sourceTree = BUILT_PRODUCTS_DIR; };
		96923DC01F0516BF002BD78E /* AppDelegate.swift */ = {isa = PBXFileReference; lastKnownFileType = sourcecode.swift; path = AppDelegate.swift; sourceTree = "<group>"; };
		96923DC21F0516BF002BD78E /* MainVC.swift */ = {isa = PBXFileReference; lastKnownFileType = sourcecode.swift; path = MainVC.swift; sourceTree = "<group>"; };
		96923DC51F0516BF002BD78E /* Base */ = {isa = PBXFileReference; lastKnownFileType = file.storyboard; name = Base; path = Base.lproj/Main.storyboard; sourceTree = "<group>"; };
		96923DCA1F0516BF002BD78E /* Assets.xcassets */ = {isa = PBXFileReference; lastKnownFileType = folder.assetcatalog; path = Assets.xcassets; sourceTree = "<group>"; };
		96923DCD1F0516BF002BD78E /* Base */ = {isa = PBXFileReference; lastKnownFileType = file.storyboard; name = Base; path = Base.lproj/LaunchScreen.storyboard; sourceTree = "<group>"; };
		96923DCF1F0516BF002BD78E /* Info.plist */ = {isa = PBXFileReference; lastKnownFileType = text.plist.xml; path = Info.plist; sourceTree = "<group>"; };
		96923DE81F05260C002BD78E /* DatabaseManager.swift */ = {isa = PBXFileReference; fileEncoding = 4; lastKnownFileType = sourcecode.swift; path = DatabaseManager.swift; sourceTree = "<group>"; };
		96923DED1F05260C002BD78E /* SWFT.xcdatamodel */ = {isa = PBXFileReference; lastKnownFileType = wrapper.xcdatamodel; path = SWFT.xcdatamodel; sourceTree = "<group>"; };
		96F256E01F05326A00A7B7B4 /* BluetoothManager.swift */ = {isa = PBXFileReference; fileEncoding = 4; lastKnownFileType = sourcecode.swift; path = BluetoothManager.swift; sourceTree = "<group>"; };
/* End PBXFileReference section */

/* Begin PBXFrameworksBuildPhase section */
		96923DBA1F0516BE002BD78E /* Frameworks */ = {
			isa = PBXFrameworksBuildPhase;
			buildActionMask = 2147483647;
			files = (
			);
			runOnlyForDeploymentPostprocessing = 0;
		};
/* End PBXFrameworksBuildPhase section */

/* Begin PBXGroup section */
		96923DB41F0516BE002BD78E = {
			isa = PBXGroup;
			children = (
				96923DBF1F0516BE002BD78E /* SWFT */,
				96923DBE1F0516BE002BD78E /* Products */,
			);
			sourceTree = "<group>";
		};
		96923DBE1F0516BE002BD78E /* Products */ = {
			isa = PBXGroup;
			children = (
				96923DBD1F0516BE002BD78E /* SWFT.app */,
			);
			name = Products;
			sourceTree = "<group>";
		};
		96923DBF1F0516BE002BD78E /* SWFT */ = {
			isa = PBXGroup;
			children = (
				96923DC01F0516BF002BD78E /* AppDelegate.swift */,
				96F256DF1F05326A00A7B7B4 /* BluetoothManager */,
				96923DE71F05260C002BD78E /* DatabaseManager */,
				96923DC21F0516BF002BD78E /* MainVC.swift */,
				96923DC41F0516BF002BD78E /* Main.storyboard */,
				96923DCA1F0516BF002BD78E /* Assets.xcassets */,
				96923DCC1F0516BF002BD78E /* LaunchScreen.storyboard */,
				96923DCF1F0516BF002BD78E /* Info.plist */,
				0806BD311F0B8598002E0521 /* NewDeviceCell.swift */,
			);
			path = SWFT;
			sourceTree = "<group>";
		};
		96923DE71F05260C002BD78E /* DatabaseManager */ = {
			isa = PBXGroup;
			children = (
				96923DE81F05260C002BD78E /* DatabaseManager.swift */,
				96923DEC1F05260C002BD78E /* SWFT.xcdatamodeld */,
			);
			path = DatabaseManager;
			sourceTree = "<group>";
		};
		96F256DF1F05326A00A7B7B4 /* BluetoothManager */ = {
			isa = PBXGroup;
			children = (
				96F256E01F05326A00A7B7B4 /* BluetoothManager.swift */,
			);
			path = BluetoothManager;
			sourceTree = "<group>";
		};
/* End PBXGroup section */

/* Begin PBXNativeTarget section */
		96923DBC1F0516BE002BD78E /* SWFT */ = {
			isa = PBXNativeTarget;
			buildConfigurationList = 96923DD21F0516BF002BD78E /* Build configuration list for PBXNativeTarget "SWFT" */;
			buildPhases = (
				96923DB91F0516BE002BD78E /* Sources */,
				96923DBA1F0516BE002BD78E /* Frameworks */,
				96923DBB1F0516BE002BD78E /* Resources */,
			);
			buildRules = (
			);
			dependencies = (
			);
			name = SWFT;
			productName = SWFT;
			productReference = 96923DBD1F0516BE002BD78E /* SWFT.app */;
			productType = "com.apple.product-type.application";
		};
/* End PBXNativeTarget section */

/* Begin PBXProject section */
		96923DB51F0516BE002BD78E /* Project object */ = {
			isa = PBXProject;
			attributes = {
				LastSwiftUpdateCheck = 0830;
				LastUpgradeCheck = 0830;
				ORGANIZATIONNAME = "Qualcomm Technology Limited Ltd";
				TargetAttributes = {
					96923DBC1F0516BE002BD78E = {
						CreatedOnToolsVersion = 8.3.3;
						DevelopmentTeam = 5EGAA5YX86;
						ProvisioningStyle = Automatic;
						SystemCapabilities = {
							com.apple.BackgroundModes = {
								enabled = 1;
							};
						};
					};
				};
			};
			buildConfigurationList = 96923DB81F0516BE002BD78E /* Build configuration list for PBXProject "SWFT" */;
			compatibilityVersion = "Xcode 3.2";
			developmentRegion = English;
			hasScannedForEncodings = 0;
			knownRegions = (
				en,
				Base,
			);
			mainGroup = 96923DB41F0516BE002BD78E;
			productRefGroup = 96923DBE1F0516BE002BD78E /* Products */;
			projectDirPath = "";
			projectRoot = "";
			targets = (
				96923DBC1F0516BE002BD78E /* SWFT */,
			);
		};
/* End PBXProject section */

/* Begin PBXResourcesBuildPhase section */
		96923DBB1F0516BE002BD78E /* Resources */ = {
			isa = PBXResourcesBuildPhase;
			buildActionMask = 2147483647;
			files = (
				96923DCE1F0516BF002BD78E /* LaunchScreen.storyboard in Resources */,
				96923DCB1F0516BF002BD78E /* Assets.xcassets in Resources */,
				96923DC61F0516BF002BD78E /* Main.storyboard in Resources */,
			);
			runOnlyForDeploymentPostprocessing = 0;
		};
/* End PBXResourcesBuildPhase section */

/* Begin PBXSourcesBuildPhase section */
		96923DB91F0516BE002BD78E /* Sources */ = {
			isa = PBXSourcesBuildPhase;
			buildActionMask = 2147483647;
			files = (
				96923DC31F0516BF002BD78E /* MainVC.swift in Sources */,
				96923DF11F05260C002BD78E /* SWFT.xcdatamodeld in Sources */,
				96923DC11F0516BF002BD78E /* AppDelegate.swift in Sources */,
				96923DEE1F05260C002BD78E /* DatabaseManager.swift in Sources */,
				0806BD321F0B8598002E0521 /* NewDeviceCell.swift in Sources */,
				96F256E11F05326A00A7B7B4 /* BluetoothManager.swift in Sources */,
			);
			runOnlyForDeploymentPostprocessing = 0;
		};
/* End PBXSourcesBuildPhase section */

/* Begin PBXVariantGroup section */
		96923DC41F0516BF002BD78E /* Main.storyboard */ = {
			isa = PBXVariantGroup;
			children = (
				96923DC51F0516BF002BD78E /* Base */,
			);
			name = Main.storyboard;
			sourceTree = "<group>";
		};
		96923DCC1F0516BF002BD78E /* LaunchScreen.storyboard */ = {
			isa = PBXVariantGroup;
			children = (
				96923DCD1F0516BF002BD78E /* Base */,
			);
			name = LaunchScreen.storyboard;
			sourceTree = "<group>";
		};
/* End PBXVariantGroup section */

/* Begin XCBuildConfiguration section */
		96923DD01F0516BF002BD78E /* Debug */ = {
			isa = XCBuildConfiguration;
			buildSettings = {
				ALWAYS_SEARCH_USER_PATHS = NO;
				CLANG_ANALYZER_NONNULL = YES;
				CLANG_ANALYZER_NUMBER_OBJECT_CONVERSION = YES_AGGRESSIVE;
				CLANG_CXX_LANGUAGE_STANDARD = "gnu++0x";
				CLANG_CXX_LIBRARY = "libc++";
				CLANG_ENABLE_MODULES = YES;
				CLANG_ENABLE_OBJC_ARC = YES;
				CLANG_WARN_BOOL_CONVERSION = YES;
				CLANG_WARN_CONSTANT_CONVERSION = YES;
				CLANG_WARN_DIRECT_OBJC_ISA_USAGE = YES_ERROR;
				CLANG_WARN_DOCUMENTATION_COMMENTS = YES;
				CLANG_WARN_EMPTY_BODY = YES;
				CLANG_WARN_ENUM_CONVERSION = YES;
				CLANG_WARN_INFINITE_RECURSION = YES;
				CLANG_WARN_INT_CONVERSION = YES;
				CLANG_WARN_OBJC_ROOT_CLASS = YES_ERROR;
				CLANG_WARN_SUSPICIOUS_MOVE = YES;
				CLANG_WARN_UNREACHABLE_CODE = YES;
				CLANG_WARN__DUPLICATE_METHOD_MATCH = YES;
				"CODE_SIGN_IDENTITY[sdk=iphoneos*]" = "iPhone Developer";
				COPY_PHASE_STRIP = NO;
				DEBUG_INFORMATION_FORMAT = dwarf;
				ENABLE_STRICT_OBJC_MSGSEND = YES;
				ENABLE_TESTABILITY = YES;
				GCC_C_LANGUAGE_STANDARD = gnu99;
				GCC_DYNAMIC_NO_PIC = NO;
				GCC_NO_COMMON_BLOCKS = YES;
				GCC_OPTIMIZATION_LEVEL = 0;
				GCC_PREPROCESSOR_DEFINITIONS = (
					"DEBUG=1",
					"$(inherited)",
				);
				GCC_WARN_64_TO_32_BIT_CONVERSION = YES;
				GCC_WARN_ABOUT_RETURN_TYPE = YES_ERROR;
				GCC_WARN_UNDECLARED_SELECTOR = YES;
				GCC_WARN_UNINITIALIZED_AUTOS = YES_AGGRESSIVE;
				GCC_WARN_UNUSED_FUNCTION = YES;
				GCC_WARN_UNUSED_VARIABLE = YES;
				IPHONEOS_DEPLOYMENT_TARGET = 10.3;
				MTL_ENABLE_DEBUG_INFO = YES;
				ONLY_ACTIVE_ARCH = YES;
				SDKROOT = iphoneos;
				SWIFT_ACTIVE_COMPILATION_CONDITIONS = DEBUG;
				SWIFT_OPTIMIZATION_LEVEL = "-Onone";
				TARGETED_DEVICE_FAMILY = "1,2";
			};
			name = Debug;
		};
		96923DD11F0516BF002BD78E /* Release */ = {
			isa = XCBuildConfiguration;
			buildSettings = {
				ALWAYS_SEARCH_USER_PATHS = NO;
				CLANG_ANALYZER_NONNULL = YES;
				CLANG_ANALYZER_NUMBER_OBJECT_CONVERSION = YES_AGGRESSIVE;
				CLANG_CXX_LANGUAGE_STANDARD = "gnu++0x";
				CLANG_CXX_LIBRARY = "libc++";
				CLANG_ENABLE_MODULES = YES;
				CLANG_ENABLE_OBJC_ARC = YES;
				CLANG_WARN_BOOL_CONVERSION = YES;
				CLANG_WARN_CONSTANT_CONVERSION = YES;
				CLANG_WARN_DIRECT_OBJC_ISA_USAGE = YES_ERROR;
				CLANG_WARN_DOCUMENTATION_COMMENTS = YES;
				CLANG_WARN_EMPTY_BODY = YES;
				CLANG_WARN_ENUM_CONVERSION = YES;
				CLANG_WARN_INFINITE_RECURSION = YES;
				CLANG_WARN_INT_CONVERSION = YES;
				CLANG_WARN_OBJC_ROOT_CLASS = YES_ERROR;
				CLANG_WARN_SUSPICIOUS_MOVE = YES;
				CLANG_WARN_UNREACHABLE_CODE = YES;
				CLANG_WARN__DUPLICATE_METHOD_MATCH = YES;
				"CODE_SIGN_IDENTITY[sdk=iphoneos*]" = "iPhone Developer";
				COPY_PHASE_STRIP = NO;
				DEBUG_INFORMATION_FORMAT = "dwarf-with-dsym";
				ENABLE_NS_ASSERTIONS = NO;
				ENABLE_STRICT_OBJC_MSGSEND = YES;
				GCC_C_LANGUAGE_STANDARD = gnu99;
				GCC_NO_COMMON_BLOCKS = YES;
				GCC_WARN_64_TO_32_BIT_CONVERSION = YES;
				GCC_WARN_ABOUT_RETURN_TYPE = YES_ERROR;
				GCC_WARN_UNDECLARED_SELECTOR = YES;
				GCC_WARN_UNINITIALIZED_AUTOS = YES_AGGRESSIVE;
				GCC_WARN_UNUSED_FUNCTION = YES;
				GCC_WARN_UNUSED_VARIABLE = YES;
				IPHONEOS_DEPLOYMENT_TARGET = 10.3;
				MTL_ENABLE_DEBUG_INFO = NO;
				SDKROOT = iphoneos;
				SWIFT_OPTIMIZATION_LEVEL = "-Owholemodule";
				TARGETED_DEVICE_FAMILY = "1,2";
				VALIDATE_PRODUCT = YES;
			};
			name = Release;
		};
		96923DD31F0516BF002BD78E /* Debug */ = {
			isa = XCBuildConfiguration;
			buildSettings = {
				ASSETCATALOG_COMPILER_APPICON_NAME = AppIcon;
				DEVELOPMENT_TEAM = 5EGAA5YX86;
				INFOPLIST_FILE = SWFT/Info.plist;
				LD_RUNPATH_SEARCH_PATHS = "$(inherited) @executable_path/Frameworks";
				PRODUCT_BUNDLE_IDENTIFIER = com.mazesys.SWFT;
				PRODUCT_NAME = "$(TARGET_NAME)";
				SWIFT_VERSION = 3.0;
			};
			name = Debug;
		};
		96923DD41F0516BF002BD78E /* Release */ = {
			isa = XCBuildConfiguration;
			buildSettings = {
				ASSETCATALOG_COMPILER_APPICON_NAME = AppIcon;
				DEVELOPMENT_TEAM = 5EGAA5YX86;
				INFOPLIST_FILE = SWFT/Info.plist;
				LD_RUNPATH_SEARCH_PATHS = "$(inherited) @executable_path/Frameworks";
				PRODUCT_BUNDLE_IDENTIFIER = com.mazesys.SWFT;
				PRODUCT_NAME = "$(TARGET_NAME)";
				SWIFT_VERSION = 3.0;
			};
			name = Release;
		};
/* End XCBuildConfiguration section */

/* Begin XCConfigurationList section */
		96923DB81F0516BE002BD78E /* Build configuration list for PBXProject "SWFT" */ = {
			isa = XCConfigurationList;
			buildConfigurations = (
				96923DD01F0516BF002BD78E /* Debug */,
				96923DD11F0516BF002BD78E /* Release */,
			);
			defaultConfigurationIsVisible = 0;
			defaultConfigurationName = Release;
		};
		96923DD21F0516BF002BD78E /* Build configuration list for PBXNativeTarget "SWFT" */ = {
			isa = XCConfigurationList;
			buildConfigurations = (
				96923DD31F0516BF002BD78E /* Debug */,
				96923DD41F0516BF002BD78E /* Release */,
			);
			defaultConfigurationIsVisible = 0;
			defaultConfigurationName = Release;
		};
/* End XCConfigurationList section */

/* Begin XCVersionGroup section */
		96923DEC1F05260C002BD78E /* SWFT.xcdatamodeld */ = {
			isa = XCVersionGroup;
			children = (
				96923DED1F05260C002BD78E /* SWFT.xcdatamodel */,
			);
			currentVersion = 96923DED1F05260C002BD78E /* SWFT.xcdatamodel */;
			path = SWFT.xcdatamodeld;
			sourceTree = "<group>";
			versionGroupType = wrapper.xcdatamodel;
		};
/* End XCVersionGroup section */
	};
	rootObject = 96923DB51F0516BE002BD78E /* Project object */;
}
